
Microsoft Visual Studio Solution File, Format Version 12.00
# Visual Studio Version 16
VisualStudioVersion = 16.0.30114.105
MinimumVisualStudioVersion = 10.0.40219.1
Project("{FAE04EC0-301F-11D3-BF4B-00C04F79EFBC}") = "Projeto.Presentation.API", "Projeto.Presentation.API\Projeto.Presentation.API.csproj", "{40C4708C-AB34-4357-A409-20C0C29ED752}"
EndProject
Global
	GlobalSection(SolutionConfigurationPlatforms) = preSolution
		Debug|Any CPU = Debug|Any CPU
		Release|Any CPU = Release|Any CPU
	EndGlobalSection
	GlobalSection(ProjectConfigurationPlatforms) = postSolution
		{40C4708C-AB34-4357-A409-20C0C29ED752}.Debug|Any CPU.ActiveCfg = Debug|Any CPU
		{40C4708C-AB34-4357-A409-20C0C29ED752}.Debug|Any CPU.Build.0 = Debug|Any CPU
		{40C4708C-AB34-4357-A409-20C0C29ED752}.Release|Any CPU.ActiveCfg = Release|Any CPU
		{40C4708C-AB34-4357-A409-20C0C29ED752}.Release|Any CPU.Build.0 = Release|Any CPU
	EndGlobalSection
	GlobalSection(SolutionProperties) = preSolution
		HideSolutionNode = FALSE
	EndGlobalSection
	GlobalSection(ExtensibilityGlobals) = postSolution
		SolutionGuid = {5884267F-D41E-4BCF-976F-FC6FCA50CE67}
	EndGlobalSection
EndGlobal
